{
  "lockfile_version": 1,
  "os": "Windows 10 x64 (build 19045)",
  "r_version": "R version 4.4.0 (2024-04-24 ucrt)",
  "platform": "x86_64-w64-mingw32",
  "packages": [
    {
      "ref": "deps::.",
      "package": "settingsSync-deps",
      "version": "2.1.0",
      "type": "deps",
      "direct": true,
      "binary": false,
      "dependencies": ["cli", "dplyr", "glue", "googledrive", "jsonlite", "rappdirs", "tibble", "yesno"],
      "vignettes": false,
      "needscompilation": false,
      "metadata": {
        "RemotePkgRef": "deps::.",
        "RemoteType": "deps"
      },
      "sources": [],
      "target": "src/contrib/settingsSync-deps_2.1.0.tar.gz",
      "platform": "source",
      "rversion": "*",
      "directpkg": true,
      "license": "Apache License (== 2)",
      "dep_types": ["Depends", "Imports", "LinkingTo"],
      "params": [],
      "install_args": "--no-multiarch",
      "sysreqs": ""
    },
    {
      "ref": "R6",
      "package": "R6",
      "version": "2.5.1",
      "type": "standard",
      "direct": false,
      "binary": true,
      "dependencies": [],
      "vignettes": false,
      "needscompilation": false,
      "metadata": {
        "RemoteType": "standard",
        "RemotePkgRef": "R6",
        "RemoteRef": "R6",
        "RemoteRepos": "https://cran.rstudio.com/",
        "RemotePkgPlatform": "i386+x86_64-w64-mingw32",
        "RemoteSha": "2.5.1"
      },
      "sources": ["https://cran.rstudio.com//bin/windows/contrib/4.4/R6_2.5.1.zip"],
      "target": "bin/windows/contrib/4.4/R6_2.5.1.zip",
      "platform": "i386+x86_64-w64-mingw32",
      "rversion": "4.4",
      "built": "R 4.4.0; ; 2024-04-01 00:40:25 UTC; windows",
      "directpkg": false,
      "license": "MIT + file LICENSE",
      "sha256": "cb1aae35df0e88ff86d7b77cfea30a2274eebc275d2e43b2b6cf58533bf9fd94",
      "filesize": 84979,
      "dep_types": ["Depends", "Imports", "LinkingTo"],
      "params": [],
      "install_args": "",
      "repotype": "cran",
      "sysreqs": ""
    },
    {
      "ref": "askpass",
      "package": "askpass",
      "version": "1.2.0",
      "type": "standard",
      "direct": false,
      "binary": true,
      "dependencies": ["sys"],
      "vignettes": false,
      "needscompilation": false,
      "metadata": {
        "RemoteType": "standard",
        "RemotePkgRef": "askpass",
        "RemoteRef": "askpass",
        "RemoteRepos": "https://cran.rstudio.com/",
        "RemotePkgPlatform": "x86_64-w64-mingw32",
        "RemoteSha": "1.2.0"
      },
      "sources": ["https://cran.rstudio.com//bin/windows/contrib/4.4/askpass_1.2.0.zip"],
      "target": "bin/windows/contrib/4.4/askpass_1.2.0.zip",
      "platform": "x86_64-w64-mingw32",
      "rversion": "4.4",
      "built": "R 4.4.0; x86_64-w64-mingw32; 2024-04-01 01:16:00 UTC; windows",
      "directpkg": false,
      "license": "MIT + file LICENSE",
      "sha256": "6fc557808df210cc1395c0879a2cf6d74be9001649fcaff98b8970564a9b489b",
      "filesize": 74652,
      "dep_types": ["Depends", "Imports", "LinkingTo"],
      "params": [],
      "install_args": "",
      "repotype": "cran",
      "sysreqs": ""
    },
    {
      "ref": "cli",
      "package": "cli",
      "version": "3.6.2",
      "type": "standard",
      "direct": false,
      "binary": true,
      "dependencies": [],
      "vignettes": false,
      "needscompilation": false,
      "metadata": {
        "RemoteType": "standard",
        "RemotePkgRef": "cli",
        "RemoteRef": "cli",
        "RemoteRepos": "https://cran.rstudio.com/",
        "RemotePkgPlatform": "x86_64-w64-mingw32",
        "RemoteSha": "3.6.2"
      },
      "sources": ["https://cran.rstudio.com//bin/windows/contrib/4.4/cli_3.6.2.zip"],
      "target": "bin/windows/contrib/4.4/cli_3.6.2.zip",
      "platform": "x86_64-w64-mingw32",
      "rversion": "4.4",
      "built": "R 4.4.0; x86_64-w64-mingw32; 2024-04-01 00:40:25 UTC; windows",
      "directpkg": false,
      "license": "MIT + file LICENSE",
      "sha256": "639588d2b14d6d2855fb41c9b3f3ec03baaba69f22872e7455fa2e369aa58280",
      "filesize": 1362450,
      "dep_types": ["Depends", "Imports", "LinkingTo"],
      "params": [],
      "install_args": "",
      "repotype": "cran",
      "sysreqs": ""
    },
    {
      "ref": "curl",
      "package": "curl",
      "version": "5.2.1",
      "type": "standard",
      "direct": false,
      "binary": true,
      "dependencies": [],
      "vignettes": false,
      "needscompilation": false,
      "metadata": {
        "RemoteType": "standard",
        "RemotePkgRef": "curl",
        "RemoteRef": "curl",
        "RemoteRepos": "https://cran.rstudio.com/",
        "RemotePkgPlatform": "x86_64-w64-mingw32",
        "RemoteSha": "5.2.1"
      },
      "sources": ["https://cran.rstudio.com//bin/windows/contrib/4.4/curl_5.2.1.zip"],
      "target": "bin/windows/contrib/4.4/curl_5.2.1.zip",
      "platform": "x86_64-w64-mingw32",
      "rversion": "4.4",
      "built": "R 4.4.0; x86_64-w64-mingw32; 2024-04-01 00:40:35 UTC; windows",
      "directpkg": false,
      "license": "MIT + file LICENSE",
      "sha256": "c14ca9561534f7d54e0cce192531f459888c66c747b8c912c90f4a78c7d73c7f",
      "filesize": 3219625,
      "dep_types": ["Depends", "Imports", "LinkingTo"],
      "params": [],
      "install_args": "",
      "repotype": "cran",
      "sysreqs": "libcurl: libcurl-devel (rpm) or libcurl4-openssl-dev (deb)."
    },
    {
      "ref": "dplyr",
      "package": "dplyr",
      "version": "1.1.4",
      "type": "standard",
      "direct": false,
      "binary": true,
      "dependencies": ["cli", "generics", "glue", "lifecycle", "magrittr", "pillar", "R6", "rlang", "tibble", "tidyselect", "vctrs"],
      "vignettes": false,
      "needscompilation": false,
      "metadata": {
        "RemoteType": "standard",
        "RemotePkgRef": "dplyr",
        "RemoteRef": "dplyr",
        "RemoteRepos": "https://cran.rstudio.com/",
        "RemotePkgPlatform": "x86_64-w64-mingw32",
        "RemoteSha": "1.1.4"
      },
      "sources": ["https://cran.rstudio.com//bin/windows/contrib/4.4/dplyr_1.1.4.zip"],
      "target": "bin/windows/contrib/4.4/dplyr_1.1.4.zip",
      "platform": "x86_64-w64-mingw32",
      "rversion": "4.4",
      "built": "R 4.4.0; x86_64-w64-mingw32; 2024-03-29 02:52:37 UTC; windows",
      "directpkg": false,
      "license": "MIT + file LICENSE",
      "sha256": "6f9ef1c73a14bf9fbe2355ed527a4b6245613f641c7f153cf6be062fcb97314b",
      "filesize": 1582210,
      "dep_types": ["Depends", "Imports", "LinkingTo"],
      "params": [],
      "install_args": "",
      "repotype": "cran",
      "sysreqs": ""
    },
    {
      "ref": "fansi",
      "package": "fansi",
      "version": "1.0.6",
      "type": "standard",
      "direct": false,
      "binary": true,
      "dependencies": [],
      "vignettes": false,
      "needscompilation": false,
      "metadata": {
        "RemoteType": "standard",
        "RemotePkgRef": "fansi",
        "RemoteRef": "fansi",
        "RemoteRepos": "https://cran.rstudio.com/",
        "RemotePkgPlatform": "x86_64-w64-mingw32",
        "RemoteSha": "1.0.6"
      },
      "sources": ["https://cran.rstudio.com//bin/windows/contrib/4.4/fansi_1.0.6.zip"],
      "target": "bin/windows/contrib/4.4/fansi_1.0.6.zip",
      "platform": "x86_64-w64-mingw32",
      "rversion": "4.4",
      "built": "R 4.4.0; x86_64-w64-mingw32; 2024-04-01 00:40:26 UTC; windows",
      "directpkg": false,
      "license": "GPL-2 | GPL-3",
      "sha256": "e34281d4566b570617f14c686a45ba23871f6c791a4b21e4797387f8f5ab556b",
      "filesize": 322974,
      "dep_types": ["Depends", "Imports", "LinkingTo"],
      "params": [],
      "install_args": "",
      "repotype": "cran",
      "sysreqs": ""
    },
    {
      "ref": "fs",
      "package": "fs",
      "version": "1.6.4",
      "type": "standard",
      "direct": false,
      "binary": true,
      "dependencies": [],
      "vignettes": false,
      "needscompilation": false,
      "metadata": {
        "RemoteType": "standard",
        "RemotePkgRef": "fs",
        "RemoteRef": "fs",
        "RemoteRepos": "https://cran.rstudio.com/",
        "RemotePkgPlatform": "x86_64-w64-mingw32",
        "RemoteSha": "1.6.4"
      },
      "sources": ["https://cran.rstudio.com//bin/windows/contrib/4.4/fs_1.6.4.zip"],
      "target": "bin/windows/contrib/4.4/fs_1.6.4.zip",
      "platform": "x86_64-w64-mingw32",
      "rversion": "4.4",
      "directpkg": false,
      "license": "MIT + file LICENSE",
      "filesize": 398452,
      "dep_types": ["Depends", "Imports", "LinkingTo"],
      "params": [],
      "install_args": "",
      "repotype": "cran",
      "sysreqs": "GNU make"
    },
    {
      "ref": "gargle",
      "package": "gargle",
      "version": "1.5.2",
      "type": "standard",
      "direct": false,
      "binary": true,
      "dependencies": ["cli", "fs", "glue", "httr", "jsonlite", "lifecycle", "openssl", "rappdirs", "rlang", "withr"],
      "vignettes": false,
      "needscompilation": false,
      "metadata": {
        "RemoteType": "standard",
        "RemotePkgRef": "gargle",
        "RemoteRef": "gargle",
        "RemoteRepos": "https://cran.rstudio.com/",
        "RemotePkgPlatform": "i386+x86_64-w64-mingw32",
        "RemoteSha": "1.5.2"
      },
      "sources": ["https://cran.rstudio.com//bin/windows/contrib/4.4/gargle_1.5.2.zip"],
      "target": "bin/windows/contrib/4.4/gargle_1.5.2.zip",
      "platform": "i386+x86_64-w64-mingw32",
      "rversion": "4.4",
      "built": "R 4.4.0; ; 2024-04-01 01:47:17 UTC; windows",
      "directpkg": false,
      "license": "MIT + file LICENSE",
      "sha256": "ac5f7ac88860784568bb1978f6e136ab73f5b953475d62bb3f483bb7e4699eb0",
      "filesize": 805595,
      "dep_types": ["Depends", "Imports", "LinkingTo"],
      "params": [],
      "install_args": "",
      "repotype": "cran",
      "sysreqs": ""
    },
    {
      "ref": "generics",
      "package": "generics",
      "version": "0.1.3",
      "type": "standard",
      "direct": false,
      "binary": true,
      "dependencies": [],
      "vignettes": false,
      "needscompilation": false,
      "metadata": {
        "RemoteType": "standard",
        "RemotePkgRef": "generics",
        "RemoteRef": "generics",
        "RemoteRepos": "https://cran.rstudio.com/",
        "RemotePkgPlatform": "i386+x86_64-w64-mingw32",
        "RemoteSha": "0.1.3"
      },
      "sources": ["https://cran.rstudio.com//bin/windows/contrib/4.4/generics_0.1.3.zip"],
      "target": "bin/windows/contrib/4.4/generics_0.1.3.zip",
      "platform": "i386+x86_64-w64-mingw32",
      "rversion": "4.4",
      "built": "R 4.4.0; ; 2024-04-01 00:40:26 UTC; windows",
      "directpkg": false,
      "license": "MIT + file LICENSE",
      "sha256": "9ab4c9809f1bc20ee51317220a7965365b0a57e4127c1de18c668b2f11a1ecfd",
      "filesize": 83687,
      "dep_types": ["Depends", "Imports", "LinkingTo"],
      "params": [],
      "install_args": "",
      "repotype": "cran",
      "sysreqs": ""
    },
    {
      "ref": "glue",
      "package": "glue",
      "version": "1.7.0",
      "type": "standard",
      "direct": false,
      "binary": true,
      "dependencies": [],
      "vignettes": false,
      "needscompilation": false,
      "metadata": {
        "RemoteType": "standard",
        "RemotePkgRef": "glue",
        "RemoteRef": "glue",
        "RemoteRepos": "https://cran.rstudio.com/",
        "RemotePkgPlatform": "x86_64-w64-mingw32",
        "RemoteSha": "1.7.0"
      },
      "sources": ["https://cran.rstudio.com//bin/windows/contrib/4.4/glue_1.7.0.zip"],
      "target": "bin/windows/contrib/4.4/glue_1.7.0.zip",
      "platform": "x86_64-w64-mingw32",
      "rversion": "4.4",
      "built": "R 4.4.0; x86_64-w64-mingw32; 2024-04-01 00:40:24 UTC; windows",
      "directpkg": false,
      "license": "MIT + file LICENSE",
      "sha256": "a11225acf4107c71da7245f23f2cd26a7564ff4b832d3600e82090128be0431f",
      "filesize": 163291,
      "dep_types": ["Depends", "Imports", "LinkingTo"],
      "params": [],
      "install_args": "",
      "repotype": "cran",
      "sysreqs": ""
    },
    {
      "ref": "googledrive",
      "package": "googledrive",
      "version": "2.1.1",
      "type": "standard",
      "direct": false,
      "binary": true,
      "dependencies": ["cli", "gargle", "glue", "httr", "jsonlite", "lifecycle", "magrittr", "pillar", "purrr", "rlang", "tibble", "uuid", "vctrs", "withr"],
      "vignettes": false,
      "needscompilation": false,
      "metadata": {
        "RemoteType": "standard",
        "RemotePkgRef": "googledrive",
        "RemoteRef": "googledrive",
        "RemoteRepos": "https://cran.rstudio.com/",
        "RemotePkgPlatform": "i386+x86_64-w64-mingw32",
        "RemoteSha": "2.1.1"
      },
      "sources": ["https://cran.rstudio.com//bin/windows/contrib/4.4/googledrive_2.1.1.zip"],
      "target": "bin/windows/contrib/4.4/googledrive_2.1.1.zip",
      "platform": "i386+x86_64-w64-mingw32",
      "rversion": "4.4",
      "built": "R 4.4.0; ; 2024-04-01 02:03:17 UTC; windows",
      "directpkg": false,
      "license": "MIT + file LICENSE",
      "sha256": "0919f5c0a56481d5a967cf375efe9fee1a04fa6dfa60bf1edba0cff20dc2cb63",
      "filesize": 1907844,
      "dep_types": ["Depends", "Imports", "LinkingTo"],
      "params": [],
      "install_args": "",
      "repotype": "cran",
      "sysreqs": ""
    },
    {
      "ref": "httr",
      "package": "httr",
      "version": "1.4.7",
      "type": "standard",
      "direct": false,
      "binary": true,
      "dependencies": ["curl", "jsonlite", "mime", "openssl", "R6"],
      "vignettes": false,
      "needscompilation": false,
      "metadata": {
        "RemoteType": "standard",
        "RemotePkgRef": "httr",
        "RemoteRef": "httr",
        "RemoteRepos": "https://cran.rstudio.com/",
        "RemotePkgPlatform": "i386+x86_64-w64-mingw32",
        "RemoteSha": "1.4.7"
      },
      "sources": ["https://cran.rstudio.com//bin/windows/contrib/4.4/httr_1.4.7.zip"],
      "target": "bin/windows/contrib/4.4/httr_1.4.7.zip",
      "platform": "i386+x86_64-w64-mingw32",
      "rversion": "4.4",
      "built": "R 4.4.0; ; 2024-04-01 01:47:02 UTC; windows",
      "directpkg": false,
      "license": "MIT + file LICENSE",
      "sha256": "6d79cc704f7ef262431a0f7529aafe78cac6d7640bd8f57af7d76eeaec374158",
      "filesize": 496830,
      "dep_types": ["Depends", "Imports", "LinkingTo"],
      "params": [],
      "install_args": "",
      "repotype": "cran",
      "sysreqs": ""
    },
    {
      "ref": "jsonlite",
      "package": "jsonlite",
      "version": "1.8.8",
      "type": "standard",
      "direct": false,
      "binary": true,
      "dependencies": [],
      "vignettes": false,
      "needscompilation": false,
      "metadata": {
        "RemoteType": "standard",
        "RemotePkgRef": "jsonlite",
        "RemoteRef": "jsonlite",
        "RemoteRepos": "https://cran.rstudio.com/",
        "RemotePkgPlatform": "x86_64-w64-mingw32",
        "RemoteSha": "1.8.8"
      },
      "sources": ["https://cran.rstudio.com//bin/windows/contrib/4.4/jsonlite_1.8.8.zip"],
      "target": "bin/windows/contrib/4.4/jsonlite_1.8.8.zip",
      "platform": "x86_64-w64-mingw32",
      "rversion": "4.4",
      "built": "R 4.4.0; x86_64-w64-mingw32; 2024-04-01 00:40:25 UTC; windows",
      "directpkg": false,
      "license": "MIT + file LICENSE",
      "sha256": "468dc255062c5ae6395c7f07ae0dea0836c12b93a39389037d4daa84aed64ad0",
      "filesize": 1107062,
      "dep_types": ["Depends", "Imports", "LinkingTo"],
      "params": [],
      "install_args": "",
      "repotype": "cran",
      "sysreqs": ""
    },
    {
      "ref": "lifecycle",
      "package": "lifecycle",
      "version": "1.0.4",
      "type": "standard",
      "direct": false,
      "binary": true,
      "dependencies": ["cli", "glue", "rlang"],
      "vignettes": false,
      "needscompilation": false,
      "metadata": {
        "RemoteType": "standard",
        "RemotePkgRef": "lifecycle",
        "RemoteRef": "lifecycle",
        "RemoteRepos": "https://cran.rstudio.com/",
        "RemotePkgPlatform": "i386+x86_64-w64-mingw32",
        "RemoteSha": "1.0.4"
      },
      "sources": ["https://cran.rstudio.com//bin/windows/contrib/4.4/lifecycle_1.0.4.zip"],
      "target": "bin/windows/contrib/4.4/lifecycle_1.0.4.zip",
      "platform": "i386+x86_64-w64-mingw32",
      "rversion": "4.4",
      "built": "R 4.4.0; ; 2024-04-01 01:15:59 UTC; windows",
      "directpkg": false,
      "license": "MIT + file LICENSE",
      "sha256": "78f72f8fefe9002f58fdcf4e4e2cd9151dbe6d9d9ede3e6184c8e1b5233bcd79",
      "filesize": 140926,
      "dep_types": ["Depends", "Imports", "LinkingTo"],
      "params": [],
      "install_args": "",
      "repotype": "cran",
      "sysreqs": ""
    },
    {
      "ref": "magrittr",
      "package": "magrittr",
      "version": "2.0.3",
      "type": "standard",
      "direct": false,
      "binary": true,
      "dependencies": [],
      "vignettes": false,
      "needscompilation": false,
      "metadata": {
        "RemoteType": "standard",
        "RemotePkgRef": "magrittr",
        "RemoteRef": "magrittr",
        "RemoteRepos": "https://cran.rstudio.com/",
        "RemotePkgPlatform": "x86_64-w64-mingw32",
        "RemoteSha": "2.0.3"
      },
      "sources": ["https://cran.rstudio.com//bin/windows/contrib/4.4/magrittr_2.0.3.zip"],
      "target": "bin/windows/contrib/4.4/magrittr_2.0.3.zip",
      "platform": "x86_64-w64-mingw32",
      "rversion": "4.4",
      "built": "R 4.4.0; x86_64-w64-mingw32; 2024-04-01 00:40:25 UTC; windows",
      "directpkg": false,
      "license": "MIT + file LICENSE",
      "sha256": "a234d3c7a11d31bce34edbbdfd1824eaf32d5d95e87480483954047eb427f20e",
      "filesize": 229418,
      "dep_types": ["Depends", "Imports", "LinkingTo"],
      "params": [],
      "install_args": "",
      "repotype": "cran",
      "sysreqs": ""
    },
    {
      "ref": "mime",
      "package": "mime",
      "version": "0.12",
      "type": "standard",
      "direct": false,
      "binary": true,
      "dependencies": [],
      "vignettes": false,
      "needscompilation": false,
      "metadata": {
        "RemoteType": "standard",
        "RemotePkgRef": "mime",
        "RemoteRef": "mime",
        "RemoteRepos": "https://cran.rstudio.com/",
        "RemotePkgPlatform": "x86_64-w64-mingw32",
        "RemoteSha": "0.12"
      },
      "sources": ["https://cran.rstudio.com//bin/windows/contrib/4.4/mime_0.12.zip"],
      "target": "bin/windows/contrib/4.4/mime_0.12.zip",
      "platform": "x86_64-w64-mingw32",
      "rversion": "4.4",
      "built": "R 4.4.0; x86_64-w64-mingw32; 2024-03-30 01:20:36 UTC; windows",
      "directpkg": false,
      "license": "GPL",
      "sha256": "e1ad2196ad238454aa5ca5920a61a217f2d39c00fbc98d81ec15fa233be7b929",
      "filesize": 40917,
      "dep_types": ["Depends", "Imports", "LinkingTo"],
      "params": [],
      "install_args": "",
      "repotype": "cran",
      "sysreqs": ""
    },
    {
      "ref": "openssl",
      "package": "openssl",
      "version": "2.2.0",
      "type": "standard",
      "direct": false,
      "binary": true,
      "dependencies": ["askpass"],
      "vignettes": false,
      "needscompilation": false,
      "metadata": {
        "RemoteType": "standard",
        "RemotePkgRef": "openssl",
        "RemoteRef": "openssl",
        "RemoteRepos": "https://cran.rstudio.com/",
        "RemotePkgPlatform": "x86_64-w64-mingw32",
        "RemoteSha": "2.2.0"
      },
      "sources": ["https://cran.rstudio.com//bin/windows/contrib/4.4/openssl_2.2.0.zip"],
      "target": "bin/windows/contrib/4.4/openssl_2.2.0.zip",
      "platform": "x86_64-w64-mingw32",
      "rversion": "4.4",
      "directpkg": false,
      "license": "MIT + file LICENSE",
      "filesize": 3188528,
      "dep_types": ["Depends", "Imports", "LinkingTo"],
      "params": [],
      "install_args": "",
      "repotype": "cran",
      "sysreqs": "OpenSSL >= 1.0.2"
    },
    {
      "ref": "pillar",
      "package": "pillar",
      "version": "1.9.0",
      "type": "standard",
      "direct": false,
      "binary": true,
      "dependencies": ["cli", "fansi", "glue", "lifecycle", "rlang", "utf8", "vctrs"],
      "vignettes": false,
      "needscompilation": false,
      "metadata": {
        "RemoteType": "standard",
        "RemotePkgRef": "pillar",
        "RemoteRef": "pillar",
        "RemoteRepos": "https://cran.rstudio.com/",
        "RemotePkgPlatform": "i386+x86_64-w64-mingw32",
        "RemoteSha": "1.9.0"
      },
      "sources": ["https://cran.rstudio.com//bin/windows/contrib/4.4/pillar_1.9.0.zip"],
      "target": "bin/windows/contrib/4.4/pillar_1.9.0.zip",
      "platform": "i386+x86_64-w64-mingw32",
      "rversion": "4.4",
      "built": "R 4.4.0; ; 2024-04-01 01:47:02 UTC; windows",
      "directpkg": false,
      "license": "MIT + file LICENSE",
      "sha256": "27e5871c92373ac4223aec7cb741d4376720c2cbc94ef9477d6098cd612c1e59",
      "filesize": 663331,
      "dep_types": ["Depends", "Imports", "LinkingTo"],
      "params": [],
      "install_args": "",
      "repotype": "cran",
      "sysreqs": ""
    },
    {
      "ref": "pkgconfig",
      "package": "pkgconfig",
      "version": "2.0.3",
      "type": "standard",
      "direct": false,
      "binary": true,
      "dependencies": [],
      "vignettes": false,
      "needscompilation": false,
      "metadata": {
        "RemoteType": "standard",
        "RemotePkgRef": "pkgconfig",
        "RemoteRef": "pkgconfig",
        "RemoteRepos": "https://cran.rstudio.com/",
        "RemotePkgPlatform": "i386+x86_64-w64-mingw32",
        "RemoteSha": "2.0.3"
      },
      "sources": ["https://cran.rstudio.com//bin/windows/contrib/4.4/pkgconfig_2.0.3.zip"],
      "target": "bin/windows/contrib/4.4/pkgconfig_2.0.3.zip",
      "platform": "i386+x86_64-w64-mingw32",
      "rversion": "4.4",
      "built": "R 4.4.0; ; 2024-04-01 00:40:26 UTC; windows",
      "directpkg": false,
      "license": "MIT + file LICENSE",
      "sha256": "c03b729d63dcd1c97d27d2a9e7a2f4298af6af6b3677cfda55023a7b30e89a03",
      "filesize": 22814,
      "dep_types": ["Depends", "Imports", "LinkingTo"],
      "params": [],
      "install_args": "",
      "repotype": "cran",
      "sysreqs": ""
    },
    {
      "ref": "purrr",
      "package": "purrr",
      "version": "1.0.2",
      "type": "standard",
      "direct": false,
      "binary": true,
      "dependencies": ["cli", "lifecycle", "magrittr", "rlang", "vctrs"],
      "vignettes": false,
      "needscompilation": false,
      "metadata": {
        "RemoteType": "standard",
        "RemotePkgRef": "purrr",
        "RemoteRef": "purrr",
        "RemoteRepos": "https://cran.rstudio.com/",
        "RemotePkgPlatform": "x86_64-w64-mingw32",
        "RemoteSha": "1.0.2"
      },
      "sources": ["https://cran.rstudio.com//bin/windows/contrib/4.4/purrr_1.0.2.zip"],
      "target": "bin/windows/contrib/4.4/purrr_1.0.2.zip",
      "platform": "x86_64-w64-mingw32",
      "rversion": "4.4",
      "built": "R 4.4.0; x86_64-w64-mingw32; 2024-04-01 01:47:14 UTC; windows",
      "directpkg": false,
      "license": "MIT + file LICENSE",
      "sha256": "ccb93c176a9f84b95c7d43f468d5e94c6f032f931c7d1787430f4bbc68e503fe",
      "filesize": 510642,
      "dep_types": ["Depends", "Imports", "LinkingTo"],
      "params": [],
      "install_args": "",
      "repotype": "cran",
      "sysreqs": ""
    },
    {
      "ref": "rappdirs",
      "package": "rappdirs",
      "version": "0.3.3",
      "type": "standard",
      "direct": false,
      "binary": true,
      "dependencies": [],
      "vignettes": false,
      "needscompilation": false,
      "metadata": {
        "RemoteType": "standard",
        "RemotePkgRef": "rappdirs",
        "RemoteRef": "rappdirs",
        "RemoteRepos": "https://cran.rstudio.com/",
        "RemotePkgPlatform": "x86_64-w64-mingw32",
        "RemoteSha": "0.3.3"
      },
      "sources": ["https://cran.rstudio.com//bin/windows/contrib/4.4/rappdirs_0.3.3.zip"],
      "target": "bin/windows/contrib/4.4/rappdirs_0.3.3.zip",
      "platform": "x86_64-w64-mingw32",
      "rversion": "4.4",
      "built": "R 4.4.0; x86_64-w64-mingw32; 2024-04-01 00:40:26 UTC; windows",
      "directpkg": false,
      "license": "MIT + file LICENSE",
      "sha256": "d8df0e9301c2e9cb0fcec419bd85422e8c8d8ea31f9595e629e2bb708e76f300",
      "filesize": 52592,
      "dep_types": ["Depends", "Imports", "LinkingTo"],
      "params": [],
      "install_args": "",
      "repotype": "cran",
      "sysreqs": ""
    },
    {
      "ref": "rlang",
      "package": "rlang",
      "version": "1.1.4",
      "type": "standard",
      "direct": false,
      "binary": true,
      "dependencies": [],
      "vignettes": false,
      "needscompilation": false,
      "metadata": {
        "RemoteType": "standard",
        "RemotePkgRef": "rlang",
        "RemoteRef": "rlang",
        "RemoteRepos": "https://cran.rstudio.com/",
        "RemotePkgPlatform": "x86_64-w64-mingw32",
        "RemoteSha": "1.1.4"
      },
      "sources": ["https://cran.rstudio.com//bin/windows/contrib/4.4/rlang_1.1.4.zip"],
      "target": "bin/windows/contrib/4.4/rlang_1.1.4.zip",
      "platform": "x86_64-w64-mingw32",
      "rversion": "4.4",
      "directpkg": false,
      "license": "MIT + file LICENSE",
      "filesize": 1614016,
      "dep_types": ["Depends", "Imports", "LinkingTo"],
      "params": [],
      "install_args": "",
      "repotype": "cran",
      "sysreqs": ""
    },
    {
      "ref": "sys",
      "package": "sys",
      "version": "3.4.2",
      "type": "standard",
      "direct": false,
      "binary": true,
      "dependencies": [],
      "vignettes": false,
      "needscompilation": false,
      "metadata": {
        "RemoteType": "standard",
        "RemotePkgRef": "sys",
        "RemoteRef": "sys",
        "RemoteRepos": "https://cran.rstudio.com/",
        "RemotePkgPlatform": "x86_64-w64-mingw32",
        "RemoteSha": "3.4.2"
      },
      "sources": ["https://cran.rstudio.com//bin/windows/contrib/4.4/sys_3.4.2.zip"],
      "target": "bin/windows/contrib/4.4/sys_3.4.2.zip",
      "platform": "x86_64-w64-mingw32",
      "rversion": "4.4",
      "built": "R 4.4.0; x86_64-w64-mingw32; 2024-04-01 00:40:27 UTC; windows",
      "directpkg": false,
      "license": "MIT + file LICENSE",
      "sha256": "4ecd33619e55067f87c7bf9a42f7dd00800fd813eb1193e04424946cfdb4eb9b",
      "filesize": 47833,
      "dep_types": ["Depends", "Imports", "LinkingTo"],
      "params": [],
      "install_args": "",
      "repotype": "cran",
      "sysreqs": ""
    },
    {
      "ref": "tibble",
      "package": "tibble",
      "version": "3.2.1",
      "type": "standard",
      "direct": false,
      "binary": true,
      "dependencies": ["fansi", "lifecycle", "magrittr", "pillar", "pkgconfig", "rlang", "vctrs"],
      "vignettes": false,
      "needscompilation": false,
      "metadata": {
        "RemoteType": "standard",
        "RemotePkgRef": "tibble",
        "RemoteRef": "tibble",
        "RemoteRepos": "https://cran.rstudio.com/",
        "RemotePkgPlatform": "x86_64-w64-mingw32",
        "RemoteSha": "3.2.1"
      },
      "sources": ["https://cran.rstudio.com//bin/windows/contrib/4.4/tibble_3.2.1.zip"],
      "target": "bin/windows/contrib/4.4/tibble_3.2.1.zip",
      "platform": "x86_64-w64-mingw32",
      "rversion": "4.4",
      "built": "R 4.4.0; x86_64-w64-mingw32; 2024-04-01 01:55:24 UTC; windows",
      "directpkg": false,
      "license": "MIT + file LICENSE",
      "sha256": "7afe141b5229a2ae4e76063b3906df3e1f543587a7c965b49f1baa113aa6d996",
      "filesize": 695054,
      "dep_types": ["Depends", "Imports", "LinkingTo"],
      "params": [],
      "install_args": "",
      "repotype": "cran",
      "sysreqs": ""
    },
    {
      "ref": "tidyselect",
      "package": "tidyselect",
      "version": "1.2.1",
      "type": "standard",
      "direct": false,
      "binary": true,
      "dependencies": ["cli", "glue", "lifecycle", "rlang", "vctrs", "withr"],
      "vignettes": false,
      "needscompilation": false,
      "metadata": {
        "RemoteType": "standard",
        "RemotePkgRef": "tidyselect",
        "RemoteRef": "tidyselect",
        "RemoteRepos": "https://cran.rstudio.com/",
        "RemotePkgPlatform": "i386+x86_64-w64-mingw32",
        "RemoteSha": "1.2.1"
      },
      "sources": ["https://cran.rstudio.com//bin/windows/contrib/4.4/tidyselect_1.2.1.zip"],
      "target": "bin/windows/contrib/4.4/tidyselect_1.2.1.zip",
      "platform": "i386+x86_64-w64-mingw32",
      "rversion": "4.4",
      "built": "R 4.4.0; ; 2024-04-01 01:47:02 UTC; windows",
      "directpkg": false,
      "license": "MIT + file LICENSE",
      "sha256": "5acf02a0e4d5a33bd37f3bb1a05540dc1c120c523ec5ae0680c907492b1dad50",
      "filesize": 228154,
      "dep_types": ["Depends", "Imports", "LinkingTo"],
      "params": [],
      "install_args": "",
      "repotype": "cran",
      "sysreqs": ""
    },
    {
      "ref": "utf8",
      "package": "utf8",
      "version": "1.2.4",
      "type": "standard",
      "direct": false,
      "binary": true,
      "dependencies": [],
      "vignettes": false,
      "needscompilation": false,
      "metadata": {
        "RemoteType": "standard",
        "RemotePkgRef": "utf8",
        "RemoteRef": "utf8",
        "RemoteRepos": "https://cran.rstudio.com/",
        "RemotePkgPlatform": "x86_64-w64-mingw32",
        "RemoteSha": "1.2.4"
      },
      "sources": ["https://cran.rstudio.com//bin/windows/contrib/4.4/utf8_1.2.4.zip"],
      "target": "bin/windows/contrib/4.4/utf8_1.2.4.zip",
      "platform": "x86_64-w64-mingw32",
      "rversion": "4.4",
      "built": "R 4.4.0; x86_64-w64-mingw32; 2024-04-01 00:40:26 UTC; windows",
      "directpkg": false,
      "license": "Apache License (== 2.0) | file LICENSE",
      "sha256": "1ad5ccc7935edfd6e95669292cba9e1b3353435c1f4b2bcac052ec0658a3216a",
      "filesize": 150798,
      "dep_types": ["Depends", "Imports", "LinkingTo"],
      "params": [],
      "install_args": "",
      "repotype": "cran",
      "sysreqs": ""
    },
    {
      "ref": "uuid",
      "package": "uuid",
      "version": "1.2-0",
      "type": "standard",
      "direct": false,
      "binary": true,
      "dependencies": [],
      "vignettes": false,
      "needscompilation": false,
      "metadata": {
        "RemoteType": "standard",
        "RemotePkgRef": "uuid",
        "RemoteRef": "uuid",
        "RemoteRepos": "https://cran.rstudio.com/",
        "RemotePkgPlatform": "x86_64-w64-mingw32",
        "RemoteSha": "1.2-0"
      },
      "sources": ["https://cran.rstudio.com//bin/windows/contrib/4.4/uuid_1.2-0.zip"],
      "target": "bin/windows/contrib/4.4/uuid_1.2-0.zip",
      "platform": "x86_64-w64-mingw32",
      "rversion": "4.4",
      "built": "R 4.4.0; x86_64-w64-mingw32; 2024-03-30 01:21:49 UTC; windows",
      "directpkg": false,
      "license": "MIT + file LICENSE",
      "sha256": "1e3317bfb25370f12c08313b8e2d54adb348244265ea542f3bdb3a46c42e7696",
      "filesize": 52694,
      "dep_types": ["Depends", "Imports", "LinkingTo"],
      "params": [],
      "install_args": "",
      "repotype": "cran",
      "sysreqs": ""
    },
    {
      "ref": "vctrs",
      "package": "vctrs",
      "version": "0.6.5",
      "type": "standard",
      "direct": false,
      "binary": true,
      "dependencies": ["cli", "glue", "lifecycle", "rlang"],
      "vignettes": false,
      "needscompilation": false,
      "metadata": {
        "RemoteType": "standard",
        "RemotePkgRef": "vctrs",
        "RemoteRef": "vctrs",
        "RemoteRepos": "https://cran.rstudio.com/",
        "RemotePkgPlatform": "x86_64-w64-mingw32",
        "RemoteSha": "0.6.5"
      },
      "sources": ["https://cran.rstudio.com//bin/windows/contrib/4.4/vctrs_0.6.5.zip"],
      "target": "bin/windows/contrib/4.4/vctrs_0.6.5.zip",
      "platform": "x86_64-w64-mingw32",
      "rversion": "4.4",
      "built": "R 4.4.0; x86_64-w64-mingw32; 2024-04-01 01:31:25 UTC; windows",
      "directpkg": false,
      "license": "MIT + file LICENSE",
      "sha256": "c392aa8fc5c4b94814c08015908ffd2bd249767887cd336f9fb2aa592587035a",
      "filesize": 1358793,
      "dep_types": ["Depends", "Imports", "LinkingTo"],
      "params": [],
      "install_args": "",
      "repotype": "cran",
      "sysreqs": ""
    },
    {
      "ref": "withr",
      "package": "withr",
      "version": "3.0.0",
      "type": "standard",
      "direct": false,
      "binary": true,
      "dependencies": [],
      "vignettes": false,
      "needscompilation": false,
      "metadata": {
        "RemoteType": "standard",
        "RemotePkgRef": "withr",
        "RemoteRef": "withr",
        "RemoteRepos": "https://cran.rstudio.com/",
        "RemotePkgPlatform": "i386+x86_64-w64-mingw32",
        "RemoteSha": "3.0.0"
      },
      "sources": ["https://cran.rstudio.com//bin/windows/contrib/4.4/withr_3.0.0.zip"],
      "target": "bin/windows/contrib/4.4/withr_3.0.0.zip",
      "platform": "i386+x86_64-w64-mingw32",
      "rversion": "4.4",
      "built": "R 4.4.0; ; 2024-04-01 00:40:26 UTC; windows",
      "directpkg": false,
      "license": "MIT + file LICENSE",
      "sha256": "e3f3820bf3ff3fe9bcf16aed73332240f53bc01fd74218e3ca311bd18d76b8e6",
      "filesize": 249644,
      "dep_types": ["Depends", "Imports", "LinkingTo"],
      "params": [],
      "install_args": "",
      "repotype": "cran",
      "sysreqs": ""
    },
    {
      "ref": "yesno",
      "package": "yesno",
      "version": "0.1.2",
      "type": "standard",
      "direct": false,
      "binary": true,
      "dependencies": [],
      "vignettes": false,
      "needscompilation": false,
      "metadata": {
        "RemoteType": "standard",
        "RemotePkgRef": "yesno",
        "RemoteRef": "yesno",
        "RemoteRepos": "https://cran.rstudio.com/",
        "RemotePkgPlatform": "i386+x86_64-w64-mingw32",
        "RemoteSha": "0.1.2"
      },
      "sources": ["https://cran.rstudio.com//bin/windows/contrib/4.4/yesno_0.1.2.zip"],
      "target": "bin/windows/contrib/4.4/yesno_0.1.2.zip",
      "platform": "i386+x86_64-w64-mingw32",
      "rversion": "4.4",
      "built": "R 4.4.0; ; 2024-04-01 00:49:03 UTC; windows",
      "directpkg": false,
      "license": "GPL (>= 2)",
      "sha256": "e5e6a2792f48f567af68d82423c225515d8c0b7899b582d8735c6eec756c3d1d",
      "filesize": 15733,
      "dep_types": ["Depends", "Imports", "LinkingTo"],
      "params": [],
      "install_args": "",
      "repotype": "cran",
      "sysreqs": ""
    }
  ]
}
